Microsoft Visual Studio Solution File, Format Version 12.00
# Visual Studio 2012
Project("{FAE04EC0-301F-11D3-BF4B-00C04F79EFBC}") = "Factory Planner", "Factory Planner.csproj", "{AD4A4EDF-CB87-41CD-B47E-5E9C174B03C4}"
EndProject
Project("{FAE04EC0-301F-11D3-BF4B-00C04F79EFBC}") = "MachineNetwork", "MachineNetwork\MachineNetwork.csproj", "{8F765FA7-0AFF-4EFF-9528-3B5FB50B6B31}"
EndProject
Global
	GlobalSection(SolutionConfigurationPlatforms) = preSolution
	Debug|Any CPU = Debug|Any CPU
	ExportDebug|Any CPU = ExportDebug|Any CPU
	ExportRelease|Any CPU = ExportRelease|Any CPU
	EndGlobalSection
	GlobalSection(ProjectConfigurationPlatforms) = postSolution
		{AD4A4EDF-CB87-41CD-B47E-5E9C174B03C4}.Debug|Any CPU.ActiveCfg = Debug|Any CPU
		{AD4A4EDF-CB87-41CD-B47E-5E9C174B03C4}.Debug|Any CPU.Build.0 = Debug|Any CPU
		{AD4A4EDF-CB87-41CD-B47E-5E9C174B03C4}.ExportDebug|Any CPU.ActiveCfg = ExportDebug|Any CPU
		{AD4A4EDF-CB87-41CD-B47E-5E9C174B03C4}.ExportDebug|Any CPU.Build.0 = ExportDebug|Any CPU
		{AD4A4EDF-CB87-41CD-B47E-5E9C174B03C4}.ExportRelease|Any CPU.ActiveCfg = ExportRelease|Any CPU
		{AD4A4EDF-CB87-41CD-B47E-5E9C174B03C4}.ExportRelease|Any CPU.Build.0 = ExportRelease|Any CPU
		{8F765FA7-0AFF-4EFF-9528-3B5FB50B6B31}.Debug|Any CPU.ActiveCfg = Debug|Any CPU
		{8F765FA7-0AFF-4EFF-9528-3B5FB50B6B31}.Debug|Any CPU.Build.0 = Debug|Any CPU
		{8F765FA7-0AFF-4EFF-9528-3B5FB50B6B31}.ExportDebug|Any CPU.ActiveCfg = Debug|Any CPU
		{8F765FA7-0AFF-4EFF-9528-3B5FB50B6B31}.ExportDebug|Any CPU.Build.0 = Debug|Any CPU
		{8F765FA7-0AFF-4EFF-9528-3B5FB50B6B31}.ExportRelease|Any CPU.ActiveCfg = Debug|Any CPU
		{8F765FA7-0AFF-4EFF-9528-3B5FB50B6B31}.ExportRelease|Any CPU.Build.0 = Debug|Any CPU
	EndGlobalSection
EndGlobal
